
Microsoft Visual Studio Solution File, Format Version 12.00
Project("{FAE04EC0-301F-11D3-BF4B-00C04F79EFBC}") = "UserManagement", "UserManagement\UserManagement.csproj", "{39776E56-50E3-4576-A8F9-5A955E2D0DC7}"
EndProject
Global
	GlobalSection(SolutionConfigurationPlatforms) = preSolution
		Debug|Any CPU = Debug|Any CPU
		Release|Any CPU = Release|Any CPU
	EndGlobalSection
	GlobalSection(ProjectConfigurationPlatforms) = postSolution
		{39776E56-50E3-4576-A8F9-5A955E2D0DC7}.Debug|Any CPU.ActiveCfg = Debug|Any CPU
		{39776E56-50E3-4576-A8F9-5A955E2D0DC7}.Debug|Any CPU.Build.0 = Debug|Any CPU
		{39776E56-50E3-4576-A8F9-5A955E2D0DC7}.Release|Any CPU.ActiveCfg = Release|Any CPU
		{39776E56-50E3-4576-A8F9-5A955E2D0DC7}.Release|Any CPU.Build.0 = Release|Any CPU
	EndGlobalSection
EndGlobal
